lockfileVersion: '9.0'

settings:
  autoInstallPeers: true
  excludeLinksFromLockfile: false

importers:

  .:
    dependencies:
      rlp:
        specifier: ^3.0.0
        version: 3.0.0
    devDependencies:
      '@types/bun':
        specifier: latest
        version: 1.2.16
      bun-types:
        specifier: ^1.2.16
        version: 1.2.16
      fast-check:
        specifier: ^4.1.1
        version: 4.1.1

packages:

  '@types/bun@1.2.16':
    resolution: {integrity: sha512-1aCZJ/6nSiViw339RsaNhkNoEloLaPzZhxMOYEa7OzRzO41IGg5n/7I43/ZIAW/c+Q6cT12Vf7fOZOoVIzb5BQ==}

  '@types/node@24.0.3':
    resolution: {integrity: sha512-R4I/kzCYAdRLzfiCabn9hxWfbuHS573x+r0dJMkkzThEa7pbrcDWK+9zu3e7aBOouf+rQAciqPFMnxwr0aWgKg==}

  bun-types@1.2.16:
    resolution: {integrity: sha512-ciXLrHV4PXax9vHvUrkvun9VPVGOVwbbbBF/Ev1cXz12lyEZMoJpIJABOfPcN9gDJRaiKF9MVbSygLg4NXu3/A==}

  fast-check@4.1.1:
    resolution: {integrity: sha512-8+yQYeNYqBfWem0Nmm7BUnh27wm+qwGvI0xln60c8RPM5rVekxZf/Ildng2GNBfjaG6utIebFmVBPlNtZlBLxg==}
    engines: {node: '>=12.17.0'}

  pure-rand@7.0.1:
    resolution: {integrity: sha512-oTUZM/NAZS8p7ANR3SHh30kXB+zK2r2BPcEn/awJIbOvq82WoMN4p62AWWp3Hhw50G0xMsw1mhIBLqHw64EcNQ==}

  rlp@3.0.0:
    resolution: {integrity: sha512-PD6U2PGk6Vq2spfgiWZdomLvRGDreBLxi5jv5M8EpRo3pU6VEm31KO+HFxE18Q3vgqfDrQ9pZA3FP95rkijNKw==}
    hasBin: true

  undici-types@7.8.0:
    resolution: {integrity: sha512-9UJ2xGDvQ43tYyVMpuHlsgApydB8ZKfVYTsLDhXkFL/6gfkp+U8xTGdh8pMJv1SpZna0zxG1DwsKZsreLbXBxw==}

snapshots:

  '@types/bun@1.2.16':
    dependencies:
      bun-types: 1.2.16

  '@types/node@24.0.3':
    dependencies:
      undici-types: 7.8.0

  bun-types@1.2.16:
    dependencies:
      '@types/node': 24.0.3

  fast-check@4.1.1:
    dependencies:
      pure-rand: 7.0.1

  pure-rand@7.0.1: {}

  rlp@3.0.0: {}

  undici-types@7.8.0: {}
